
Microsoft Visual Studio Solution File, Format Version 12.00
# Visual Studio 2012
Project("{FAE04EC0-301F-11D3-BF4B-00C04F79EFBC}") = "MvcApplication1", "MvcApplication1\MvcApplication1.csproj", "{6A34598B-7F53-483A-BC37-72FDFDE3A524}"
EndProject
Project("{FAE04EC0-301F-11D3-BF4B-00C04F79EFBC}") = "MvcApplication1.Tests", "MvcApplication1.Tests\MvcApplication1.Tests.csproj", "{B17647A2-4FFA-4160-B4C5-0E90B10FF747}"
EndProject
Global
	GlobalSection(SolutionConfigurationPlatforms) = preSolution
		Debug|Any CPU = Debug|Any CPU
		Release|Any CPU = Release|Any CPU
	EndGlobalSection
	GlobalSection(ProjectConfigurationPlatforms) = postSolution
		{6A34598B-7F53-483A-BC37-72FDFDE3A524}.Debug|Any CPU.ActiveCfg = Debug|Any CPU
		{6A34598B-7F53-483A-BC37-72FDFDE3A524}.Debug|Any CPU.Build.0 = Debug|Any CPU
		{6A34598B-7F53-483A-BC37-72FDFDE3A524}.Release|Any CPU.ActiveCfg = Release|Any CPU
		{6A34598B-7F53-483A-BC37-72FDFDE3A524}.Release|Any CPU.Build.0 = Release|Any CPU
		{B17647A2-4FFA-4160-B4C5-0E90B10FF747}.Debug|Any CPU.ActiveCfg = Debug|Any CPU
		{B17647A2-4FFA-4160-B4C5-0E90B10FF747}.Debug|Any CPU.Build.0 = Debug|Any CPU
		{B17647A2-4FFA-4160-B4C5-0E90B10FF747}.Release|Any CPU.ActiveCfg = Release|Any CPU
		{B17647A2-4FFA-4160-B4C5-0E90B10FF747}.Release|Any CPU.Build.0 = Release|Any CPU
	EndGlobalSection
	GlobalSection(SolutionProperties) = preSolution
		HideSolutionNode = FALSE
	EndGlobalSection
EndGlobal
